# This file is automatically @generated by Poetry 1.6.1 and should not be changed by hand.

[[package]]
name = "colorama"
version = "0.4.6"
description = "Cross-platform colored terminal text."
optional = false
python-versions = "!=3.0.*,!=3.1.*,!=3.2.*,!=3.3.*,!=3.4.*,!=3.5.*,!=3.6.*,>=2.7"
files = [
    {file = "colorama-0.4.6-py2.py3-none-any.whl", hash = "sha256:4f1d9991f5acc0ca119f9d443620b77f9d6b33703e51011c16baf57afb285fc6"},
    {file = "colorama-0.4.6.tar.gz", hash = "sha256:08695f5cb7ed6e0531a20572697297273c47b8cae5a63ffc6d6ed5c201be6e44"},
]

[[package]]
name = "jeepney"
version = "0.8.0"
description = "Low-level, pure Python DBus protocol wrapper."
optional = false
python-versions = ">=3.7"
files = [
    {file = "jeepney-0.8.0-py3-none-any.whl", hash = "sha256:c0a454ad016ca575060802ee4d590dd912e35c122fa04e70306de3d076cce755"},
    {file = "jeepney-0.8.0.tar.gz", hash = "sha256:5efe48d255973902f6badc3ce55e2aa6c5c3b3bc642059ef3a91247bcfcc5806"},
]

[package.extras]
test = ["async-timeout", "pytest", "pytest-asyncio (>=0.17)", "pytest-trio", "testpath", "trio"]
trio = ["async_generator", "trio"]

[[package]]
name = "loguru"
version = "0.6.0"
description = "Python logging made (stupidly) simple"
optional = false
python-versions = ">=3.5"
files = [
    {file = "loguru-0.6.0-py3-none-any.whl", hash = "sha256:4e2414d534a2ab57573365b3e6d0234dfb1d84b68b7f3b948e6fb743860a77c3"},
    {file = "loguru-0.6.0.tar.gz", hash = "sha256:066bd06758d0a513e9836fd9c6b5a75bfb3fd36841f4b996bc60b547a309d41c"},
]

[package.dependencies]
colorama = {version = ">=0.3.4", markers = "sys_platform == \"win32\""}
win32-setctime = {version = ">=1.0.0", markers = "sys_platform == \"win32\""}

[package.extras]
dev = ["Sphinx (>=4.1.1)", "black (>=19.10b0)", "colorama (>=0.3.4)", "docutils (==0.16)", "flake8 (>=3.7.7)", "isort (>=5.1.1)", "pytest (>=4.6.2)", "pytest-cov (>=2.7.1)", "sphinx-autobuild (>=0.7.1)", "sphinx-rtd-theme (>=0.4.3)", "tox (>=3.9.0)"]

[[package]]
name = "notify-py"
version = "0.3.42"
description = "Cross-platform desktop notification library for Python"
optional = false
python-versions = ">=3.6,<4.0"
files = [
    {file = "notify_py-0.3.42-py3-none-any.whl", hash = "sha256:184e1ddb81edfd5e3830784f31203e88f0cb9018f2d9d7aa04f5f540876c0f27"},
    {file = "notify_py-0.3.42.tar.gz", hash = "sha256:f49457f1d0577a150df5c3fd58ed2892ce3106a517f8e2083f61743d1c05be36"},
]

[package.dependencies]
jeepney = {version = "*", markers = "sys_platform == \"linux\""}
loguru = ">=0.5.3,<=0.6.0"

[[package]]
name = "packaging"
version = "23.2"
description = "Core utilities for Python packages"
optional = false
python-versions = ">=3.7"
files = [
    {file = "packaging-23.2-py3-none-any.whl", hash = "sha256:8c491190033a9af7e1d931d0b5dacc2ef47509b34dd0de67ed209b5203fc88c7"},
    {file = "packaging-23.2.tar.gz", hash = "sha256:048fb0e9405036518eaaf48a55953c750c11e1a1b68e0dd1a9d62ed0c092cfc5"},
]

[[package]]
name = "pycurl"
version = "7.45.3"
description = "PycURL -- A Python Interface To The cURL library"
optional = false
python-versions = ">=3.5"
files = [
    {file = "pycurl-7.45.3-cp310-cp310-macosx_10_9_universal2.whl", hash = "sha256:86f66d334deaaab20a576fb785587566081407adc703318203fe26e43277ef12"},
    {file = "pycurl-7.45.3-cp310-cp310-macosx_10_9_x86_64.whl", hash = "sha256:205983e87d6aa0b6e93ec7320060de44efaa905ecc5d13f70cbe38c65684c5c4"},
    {file = "pycurl-7.45.3-cp310-cp310-macosx_11_0_arm64.whl", hash = "sha256:fbd4a6b8654b779089c5a44af1c65c1419c2cd60718780df6d8f354eb35d6d55"},
    {file = "pycurl-7.45.3-cp310-cp310-manylinux_2_28_aarch64.whl", hash = "sha256:5ebc6a0ac60c371a9efaf7d55dec5820f76fdafb43a3be1e390011339dc329ae"},
    {file = "pycurl-7.45.3-cp310-cp310-manylinux_2_28_x86_64.whl", hash = "sha256:2facab1c35600088cb82b5b093bd700bfbd1e3191deab24f7d1803d9dc5b76fc"},
    {file = "pycurl-7.45.3-cp310-cp310-win32.whl", hash = "sha256:7cfca02d70579853041063e53ca713d31161b8831b98d4f68c3554dc0448beec"},
    {file = "pycurl-7.45.3-cp310-cp310-win_amd64.whl", hash = "sha256:8451e8475051f16eb4776380384699cb8ddd10ea8410bcbfaee5a6fc4c046de6"},
    {file = "pycurl-7.45.3-cp311-cp311-macosx_10_9_universal2.whl", hash = "sha256:1610cc45b5bc8b39bc18b981d0473e59ef41226ee467eaa8fbfc7276603ef5af"},
    {file = "pycurl-7.45.3-cp311-cp311-macosx_10_9_x86_64.whl", hash = "sha256:c854885398410fa6e88fc29f7a420a3c13b88bae9b4e10a804437b582e24f58b"},
    {file = "pycurl-7.45.3-cp311-cp311-macosx_11_0_arm64.whl", hash = "sha256:921c9db0c3128481954f625b3b1bc10c730100aa944d54643528f716676439ee"},
    {file = "pycurl-7.45.3-cp311-cp311-manylinux_2_28_aarch64.whl", hash = "sha256:483f3aa5d1bc8cff5657ad96f68e1d89281f971a7b6aa93408a31e3199981ea9"},
    {file = "pycurl-7.45.3-cp311-cp311-manylinux_2_28_x86_64.whl", hash = "sha256:1e0d32d6ed3a7ba13dbbd3a6fb50ca76c40c70e6bc6fe347f90677478d3422c7"},
    {file = "pycurl-7.45.3-cp311-cp311-win32.whl", hash = "sha256:beaaa4450e23d41dd0c2f2f47a4f8a171210271543550c2c556090c7eeea88f5"},
    {file = "pycurl-7.45.3-cp311-cp311-win_amd64.whl", hash = "sha256:dd33fd9de8907a6275c70113124aeb7eea672c1324f5d5423f203738b341697d"},
    {file = "pycurl-7.45.3-cp312-cp312-macosx_10_9_universal2.whl", hash = "sha256:0c41a172d5e8a5cdd8328cc8134f47b2a57960ac677f7cda8520eaa9fbe7d990"},
    {file = "pycurl-7.45.3-cp312-cp312-macosx_10_9_x86_64.whl", hash = "sha256:13006b62c157bb4483c58e1abdced6df723c9399255a4f5f6bb7f8e425106679"},
    {file = "pycurl-7.45.3-cp312-cp312-macosx_11_0_arm64.whl", hash = "sha256:27f4c5c20c86a9a823677316724306fb1ce3b25ec568efd52026dc6c563e5b29"},
    {file = "pycurl-7.45.3-cp312-cp312-manylinux_2_28_aarch64.whl", hash = "sha256:c2c246bc29e8762ff4c8a833ac5b4da4c797d16ab138286e8aec9b0c0a0da2d4"},
    {file = "pycurl-7.45.3-cp312-cp312-manylinux_2_28_x86_64.whl", hash = "sha256:3d07c5daef2d0d85949e32ec254ee44232bb57febb0634194379dd14d1ff4f87"},
    {file = "pycurl-7.45.3-cp312-cp312-win32.whl", hash = "sha256:9f7afe5ef0e4750ac4515baebc251ee94aaefe5de6e2e8a24668473128d69904"},
    {file = "pycurl-7.45.3-cp312-cp312-win_amd64.whl", hash = "sha256:3648ed9a57a6b704673faeab3dc64d1469cc69f2bc1ed8227ffa0f84e147c500"},
    {file = "pycurl-7.45.3-cp38-cp38-macosx_10_9_universal2.whl", hash = "sha256:c0915ea139f66a289edc4f9de10cb45078af1bb950491c5612969864236a2e7e"},
    {file = "pycurl-7.45.3-cp38-cp38-macosx_10_9_x86_64.whl", hash = "sha256:43c5e61a58783ddf78ef84949f6bb6e52e092a13ec67678e9a9e21071ecf5b80"},
    {file = "pycurl-7.45.3-cp38-cp38-macosx_11_0_arm64.whl", hash = "sha256:bf613844a1647fe3d2bba1f5c9c96a62a85280123a57a8a0c8d2f37d518bc10a"},
    {file = "pycurl-7.45.3-cp38-cp38-manylinux_2_28_aarch64.whl", hash = "sha256:936afd9c5ff7fe7457065e878a279811787778f472f9a4e8c5df79e7728358e2"},
    {file = "pycurl-7.45.3-cp38-cp38-manylinux_2_28_x86_64.whl", hash = "sha256:dbf816a6d0cb71e7fd06609246bbea4eaf100649d9decf49e4eb329594f70be7"},
    {file = "pycurl-7.45.3-cp38-cp38-win32.whl", hash = "sha256:2c8a2ce568193f9f84763717d8961cec0db4ec1aa08c6bcf4d90da5eb72bec86"},
    {file = "pycurl-7.45.3-cp38-cp38-win_amd64.whl", hash = "sha256:80ac7c17e69ca6b76ccccb4255f7c29a2a36e5b69eb10c2adba82135d43afe8c"},
    {file = "pycurl-7.45.3-cp39-cp39-macosx_10_9_universal2.whl", hash = "sha256:fa7751b614d9aa82d7a0f49ca90924c29c6cedf85a2f8687fb6a772dbfe48711"},
    {file = "pycurl-7.45.3-cp39-cp39-macosx_10_9_x86_64.whl", hash = "sha256:b129e9ee07f80b4af957607917af46ab517b0c4e746692f6d9e50e973edba8d8"},
    {file = "pycurl-7.45.3-cp39-cp39-macosx_11_0_arm64.whl", hash = "sha256:a0f920582b8713ca87d5a288a7532607bc4454275d733fc880650d602dbe3c67"},
    {file = "pycurl-7.45.3-cp39-cp39-manylinux_2_28_aarch64.whl", hash = "sha256:c7c13e4268550cde14a6f4743cc8bd8c035d4cd36514d58eff70276d68954b6f"},
    {file = "pycurl-7.45.3-cp39-cp39-manylinux_2_28_x86_64.whl", hash = "sha256:0f0e1251a608ffd75fc502f4014442e554c67d3d7a1b0a839c35efb6ad2f8bf8"},
    {file = "pycurl-7.45.3-cp39-cp39-win32.whl", hash = "sha256:51a40a56c58e63dac6145829f9e9bd66e5867a9f0741bcb9ffefab619851d44f"},
    {file = "pycurl-7.45.3-cp39-cp39-win_amd64.whl", hash = "sha256:e08a06802c8c8a9d04cf3319f9230ec09062c55d2550bd48f8ada1df1431adcf"},
    {file = "pycurl-7.45.3.tar.gz", hash = "sha256:8c2471af9079ad798e1645ec0b0d3d4223db687379d17dd36a70637449f81d6b"},
]

[[package]]
name = "pyqt5"
version = "5.15.10"
description = "Python bindings for the Qt cross platform application toolkit"
optional = false
python-versions = ">=3.7"
files = [
    {file = "PyQt5-5.15.10-cp37-abi3-macosx_10_13_x86_64.whl", hash = "sha256:93288d62ebd47b1933d80c27f5d43c7c435307b84d480af689cef2474e87e4c8"},
    {file = "PyQt5-5.15.10-cp37-abi3-macosx_11_0_arm64.whl", hash = "sha256:862cea3be95b4b0a2b9678003b3a18edf7bd5eafd673860f58820f246d4bf616"},
    {file = "PyQt5-5.15.10-cp37-abi3-manylinux_2_17_x86_64.whl", hash = "sha256:b89478d16d4118664ff58ed609e0a804d002703c9420118de7e4e70fa1cb5486"},
    {file = "PyQt5-5.15.10-cp37-abi3-win32.whl", hash = "sha256:ff99b4f91aa8eb60510d5889faad07116d3340041916e46c07d519f7cad344e1"},
    {file = "PyQt5-5.15.10-cp37-abi3-win_amd64.whl", hash = "sha256:501355f327e9a2c38db0428e1a236d25ebcb99304cd6e668c05d1188d514adec"},
    {file = "PyQt5-5.15.10.tar.gz", hash = "sha256:d46b7804b1b10a4ff91753f8113e5b5580d2b4462f3226288e2d84497334898a"},
]

[package.dependencies]
PyQt5-Qt5 = ">=5.15.2"
PyQt5-sip = ">=12.13,<13"

[[package]]
name = "pyqt5-qt5"
version = "5.15.12"
description = "The subset of a Qt installation needed by PyQt5."
optional = false
python-versions = "*"
files = [
    {file = "PyQt5_Qt5-5.15.12-py3-none-macosx_10_13_x86_64.whl", hash = "sha256:7adff02a33f2f82b409ca115d57fc7e39b22e673d29e35c9d2594164039f0f71"},
    {file = "PyQt5_Qt5-5.15.12-py3-none-macosx_11_0_arm64.whl", hash = "sha256:b4c56566683ae905d5f04dd6ab925f02a384d6ce5ff4986eea0720d453666c22"},
]

[[package]]
name = "pyqt5-sip"
version = "12.13.0"
description = "The sip module support for PyQt5"
optional = false
python-versions = ">=3.7"
files = [
    {file = "PyQt5_sip-12.13.0-cp310-cp310-macosx_10_9_universal2.whl", hash = "sha256:a7e3623b2c743753625c4650ec7696362a37fb36433b61824cf257f6d3d43cca"},
    {file = "PyQt5_sip-12.13.0-cp310-cp310-manylinux_2_5_x86_64.manylinux1_x86_64.whl", hash = "sha256:6e4ac714252370ca037c7d609da92388057165edd4f94e63354f6d65c3ed9d53"},
    {file = "PyQt5_sip-12.13.0-cp310-cp310-win32.whl", hash = "sha256:d5032da3fff62da055104926ffe76fd6044c1221f8ad35bb60804bcb422fe866"},
    {file = "PyQt5_sip-12.13.0-cp310-cp310-win_amd64.whl", hash = "sha256:9a8cdd6cb66adcbe5c941723ed1544eba05cf19b6c961851b58ccdae1c894afb"},
    {file = "PyQt5_sip-12.13.0-cp311-cp311-macosx_10_9_universal2.whl", hash = "sha256:0f85fb633a522f04e48008de49dce1ff1d947011b48885b8428838973fbca412"},
    {file = "PyQt5_sip-12.13.0-cp311-cp311-manylinux_2_5_x86_64.manylinux1_x86_64.whl", hash = "sha256:ec60162e034c42fb99859206d62b83b74f987d58937b3a82bdc07b5c3d190dec"},
    {file = "PyQt5_sip-12.13.0-cp311-cp311-win32.whl", hash = "sha256:205cd449d08a2b024a468fb6100cd7ed03e946b4f49706f508944006f955ae1a"},
    {file = "PyQt5_sip-12.13.0-cp311-cp311-win_amd64.whl", hash = "sha256:1c8371682f77852256f1f2d38c41e2e684029f43330f0635870895ab01c02f6c"},
    {file = "PyQt5_sip-12.13.0-cp312-cp312-macosx_10_9_universal2.whl", hash = "sha256:7fe3375b508c5bc657d73b9896bba8a768791f1f426c68053311b046bcebdddf"},
    {file = "PyQt5_sip-12.13.0-cp312-cp312-manylinux_2_5_x86_64.manylinux1_x86_64.whl", hash = "sha256:773731b1b5ab1a7cf5621249f2379c95e3d2905e9bd96ff3611b119586daa876"},
    {file = "PyQt5_sip-12.13.0-cp312-cp312-win32.whl", hash = "sha256:fb4a5271fa3f6bc2feb303269a837a95a6d8dd16be553aa40e530de7fb81bfdf"},
    {file = "PyQt5_sip-12.13.0-cp312-cp312-win_amd64.whl", hash = "sha256:3a4498f3b1b15f43f5d12963accdce0fd652b0bcaae6baf8008663365827444c"},
    {file = "PyQt5_sip-12.13.0-cp38-cp38-macosx_10_9_x86_64.whl", hash = "sha256:9b984c2620a7a7eaf049221b09ae50a345317add2624c706c7d2e9e6632a9587"},
    {file = "PyQt5_sip-12.13.0-cp38-cp38-manylinux_2_5_x86_64.manylinux1_x86_64.whl", hash = "sha256:3188a06956aef86f604fb0d14421a110fad70d2a9e943dbacbfc3303f651dade"},
    {file = "PyQt5_sip-12.13.0-cp38-cp38-win32.whl", hash = "sha256:108a15f603e1886988c4b0d9d41cb74c9f9815bf05cefc843d559e8c298a10ce"},
    {file = "PyQt5_sip-12.13.0-cp38-cp38-win_amd64.whl", hash = "sha256:db228cd737f5cbfc66a3c3e50042140cb80b30b52edc5756dbbaa2346ec73137"},
    {file = "PyQt5_sip-12.13.0-cp39-cp39-macosx_10_9_universal2.whl", hash = "sha256:5338773bbaedaa4f16a73c142fb23cc18c327be6c338813af70260b756c7bc92"},
    {file = "PyQt5_sip-12.13.0-cp39-cp39-manylinux_2_5_x86_64.manylinux1_x86_64.whl", hash = "sha256:29fa9cc964517c9fc3f94f072b9a2aeef4e7a2eda1879cb835d9e06971161cdf"},
    {file = "PyQt5_sip-12.13.0-cp39-cp39-win32.whl", hash = "sha256:96414c93f3d33963887cf562d50d88b955121fbfd73f937c8eca46643e77bf61"},
    {file = "PyQt5_sip-12.13.0-cp39-cp39-win_amd64.whl", hash = "sha256:bbc7cd498bf19e0862097be1ad2243e824dea56726f00c11cff1b547c2d31d01"},
    {file = "PyQt5_sip-12.13.0.tar.gz", hash = "sha256:7f321daf84b9c9dbca61b80e1ef37bdaffc0e93312edae2cd7da25b953971d91"},
]

[[package]]
name = "qtawesome"
version = "1.3.0"
description = "FontAwesome icons in PyQt and PySide applications"
optional = false
python-versions = ">=3.7"
files = [
    {file = "QtAwesome-1.3.0-py3-none-any.whl", hash = "sha256:f4da336c9a913627eef7f95ca94bcc72c99b918ade859de5b9f8070fdcd660c5"},
    {file = "QtAwesome-1.3.0.tar.gz", hash = "sha256:104ed030e2c2237606898a621e8b2dc3f0a64c753a54d7bd6fa0015345fb1ad2"},
]

[package.dependencies]
qtpy = "*"

[[package]]
name = "qtpy"
version = "2.4.1"
description = "Provides an abstraction layer on top of the various Qt bindings (PyQt5/6 and PySide2/6)."
optional = false
python-versions = ">=3.7"
files = [
    {file = "QtPy-2.4.1-py3-none-any.whl", hash = "sha256:1c1d8c4fa2c884ae742b069151b0abe15b3f70491f3972698c683b8e38de839b"},
    {file = "QtPy-2.4.1.tar.gz", hash = "sha256:a5a15ffd519550a1361bdc56ffc07fda56a6af7292f17c7b395d4083af632987"},
]

[package.dependencies]
packaging = "*"

[package.extras]
test = ["pytest (>=6,!=7.0.0,!=7.0.1)", "pytest-cov (>=3.0.0)", "pytest-qt"]

[[package]]
name = "win32-setctime"
version = "1.1.0"
description = "A small Python utility to set file creation time on Windows"
optional = false
python-versions = ">=3.5"
files = [
    {file = "win32_setctime-1.1.0-py3-none-any.whl", hash = "sha256:231db239e959c2fe7eb1d7dc129f11172354f98361c4fa2d6d2d7e278baa8aad"},
    {file = "win32_setctime-1.1.0.tar.gz", hash = "sha256:15cf5750465118d6929ae4de4eb46e8edae9a5634350c01ba582df868e932cb2"},
]

[package.extras]
dev = ["black (>=19.3b0)", "pytest (>=4.6.2)"]

[metadata]
lock-version = "2.0"
python-versions = "^3.7"
content-hash = "6606c88ab14bcf974e0e9aa2aae71325bd05f33e793b7f922ff3dcb0369b621e"
